
Microsoft Visual Studio Solution File, Format Version 12.00
Project("{FAE04EC0-301F-11D3-BF4B-00C04F79EFBC}") = "GodotTensorfields", "GodotTensorfields\GodotTensorfields.csproj", "{24DE3A8A-05A4-467A-B6E0-33DD62CB3574}"
EndProject
Global
	GlobalSection(SolutionConfigurationPlatforms) = preSolution
		Debug|Any CPU = Debug|Any CPU
		Release|Any CPU = Release|Any CPU
	EndGlobalSection
	GlobalSection(ProjectConfigurationPlatforms) = postSolution
		{24DE3A8A-05A4-467A-B6E0-33DD62CB3574}.Debug|Any CPU.ActiveCfg = Debug|Any CPU
		{24DE3A8A-05A4-467A-B6E0-33DD62CB3574}.Debug|Any CPU.Build.0 = Debug|Any CPU
		{24DE3A8A-05A4-467A-B6E0-33DD62CB3574}.Release|Any CPU.ActiveCfg = Release|Any CPU
		{24DE3A8A-05A4-467A-B6E0-33DD62CB3574}.Release|Any CPU.Build.0 = Release|Any CPU
	EndGlobalSection
EndGlobal
